
Microsoft Visual Studio Solution File, Format Version 12.00
# Visual Studio 14
VisualStudioVersion = 14.0.23107.0
MinimumVisualStudioVersion = 10.0.40219.1
Project("{FAE04EC0-301F-11D3-BF4B-00C04F79EFBC}") = "CamiSys", "CamiSys\CamiSys.csproj", "{036067F2-065C-40EE-9751-C7B7448CE4BE}"
EndProject
Project("{6141683F-8A12-4E36-9623-2EB02B2C2303}") = "Cami_SYS_Install", "CamiSys_Install\Cami_SYS_Install\Cami_SYS_Install.isproj", "{8FE5F675-FFB1-46A8-AD55-9F6D38AB1430}"
EndProject
Global
	GlobalSection(SolutionConfigurationPlatforms) = preSolution
		CD_ROM|Any CPU = CD_ROM|Any CPU
		Debug|Any CPU = Debug|Any CPU
		DVD-5|Any CPU = DVD-5|Any CPU
		Release|Any CPU = Release|Any CPU
		SingleImage|Any CPU = SingleImage|Any CPU
	EndGlobalSection
	GlobalSection(ProjectConfigurationPlatforms) = postSolution
		{036067F2-065C-40EE-9751-C7B7448CE4BE}.CD_ROM|Any CPU.ActiveCfg = Release|Any CPU
		{036067F2-065C-40EE-9751-C7B7448CE4BE}.CD_ROM|Any CPU.Build.0 = Release|Any CPU
		{036067F2-065C-40EE-9751-C7B7448CE4BE}.Debug|Any CPU.ActiveCfg = Debug|Any CPU
		{036067F2-065C-40EE-9751-C7B7448CE4BE}.Debug|Any CPU.Build.0 = Debug|Any CPU
		{036067F2-065C-40EE-9751-C7B7448CE4BE}.DVD-5|Any CPU.ActiveCfg = Debug|Any CPU
		{036067F2-065C-40EE-9751-C7B7448CE4BE}.DVD-5|Any CPU.Build.0 = Debug|Any CPU
		{036067F2-065C-40EE-9751-C7B7448CE4BE}.Release|Any CPU.ActiveCfg = Release|Any CPU
		{036067F2-065C-40EE-9751-C7B7448CE4BE}.Release|Any CPU.Build.0 = Release|Any CPU
		{036067F2-065C-40EE-9751-C7B7448CE4BE}.SingleImage|Any CPU.ActiveCfg = Release|Any CPU
		{036067F2-065C-40EE-9751-C7B7448CE4BE}.SingleImage|Any CPU.Build.0 = Release|Any CPU
		{8FE5F675-FFB1-46A8-AD55-9F6D38AB1430}.CD_ROM|Any CPU.ActiveCfg = CD_ROM
		{8FE5F675-FFB1-46A8-AD55-9F6D38AB1430}.CD_ROM|Any CPU.Build.0 = CD_ROM
		{8FE5F675-FFB1-46A8-AD55-9F6D38AB1430}.Debug|Any CPU.ActiveCfg = DVD-5
		{8FE5F675-FFB1-46A8-AD55-9F6D38AB1430}.Debug|Any CPU.Build.0 = DVD-5
		{8FE5F675-FFB1-46A8-AD55-9F6D38AB1430}.DVD-5|Any CPU.ActiveCfg = DVD-5
		{8FE5F675-FFB1-46A8-AD55-9F6D38AB1430}.DVD-5|Any CPU.Build.0 = DVD-5
		{8FE5F675-FFB1-46A8-AD55-9F6D38AB1430}.Release|Any CPU.ActiveCfg = SingleImage
		{8FE5F675-FFB1-46A8-AD55-9F6D38AB1430}.Release|Any CPU.Build.0 = SingleImage
		{8FE5F675-FFB1-46A8-AD55-9F6D38AB1430}.SingleImage|Any CPU.ActiveCfg = SingleImage
		{8FE5F675-FFB1-46A8-AD55-9F6D38AB1430}.SingleImage|Any CPU.Build.0 = SingleImage
	EndGlobalSection
	GlobalSection(SolutionProperties) = preSolution
		HideSolutionNode = FALSE
	EndGlobalSection
EndGlobal
